
Microsoft Visual Studio Solution File, Format Version 12.00
# Visual Studio Version 16
VisualStudioVersion = 16.0.30309.148
MinimumVisualStudioVersion = 10.0.40219.1
Project("{FAE04EC0-301F-11D3-BF4B-00C04F79EFBC}") = "RealEstates.ConsoleApplication", "RealEstates.ConsoleApplication\RealEstates.ConsoleApplication.csproj", "{81F8CFC3-534F-4F44-90C2-FE8BD2E2A7A2}"
EndProject
Project("{FAE04EC0-301F-11D3-BF4B-00C04F79EFBC}") = "RealEstates.Importer", "RealEstates.Importer\RealEstates.Importer.csproj", "{245A2985-7418-4F4F-8F79-A8B4401358BE}"
EndProject
Project("{FAE04EC0-301F-11D3-BF4B-00C04F79EFBC}") = "RealEstates.Services", "RealEstates.Services\RealEstates.Services.csproj", "{83F33BD3-3BF9-4C16-A6D4-91DAD3C451CD}"
EndProject
Project("{FAE04EC0-301F-11D3-BF4B-00C04F79EFBC}") = "RealEstates.Models", "RealEstates.Models\RealEstates.Models.csproj", "{5FA38DD8-3F44-4D9F-8E09-AAA73E03FAE0}"
EndProject
Project("{FAE04EC0-301F-11D3-BF4B-00C04F79EFBC}") = "RealEstates.Data", "RealEstates.Data\RealEstates.Data.csproj", "{6D7F4B32-56EF-4894-AC37-7EB558E8C963}"
EndProject
Global
	GlobalSection(SolutionConfigurationPlatforms) = preSolution
		Debug|Any CPU = Debug|Any CPU
		Release|Any CPU = Release|Any CPU
	EndGlobalSection
	GlobalSection(ProjectConfigurationPlatforms) = postSolution
		{81F8CFC3-534F-4F44-90C2-FE8BD2E2A7A2}.Debug|Any CPU.ActiveCfg = Debug|Any CPU
		{81F8CFC3-534F-4F44-90C2-FE8BD2E2A7A2}.Debug|Any CPU.Build.0 = Debug|Any CPU
		{81F8CFC3-534F-4F44-90C2-FE8BD2E2A7A2}.Release|Any CPU.ActiveCfg = Release|Any CPU
		{81F8CFC3-534F-4F44-90C2-FE8BD2E2A7A2}.Release|Any CPU.Build.0 = Release|Any CPU
		{245A2985-7418-4F4F-8F79-A8B4401358BE}.Debug|Any CPU.ActiveCfg = Debug|Any CPU
		{245A2985-7418-4F4F-8F79-A8B4401358BE}.Debug|Any CPU.Build.0 = Debug|Any CPU
		{245A2985-7418-4F4F-8F79-A8B4401358BE}.Release|Any CPU.ActiveCfg = Release|Any CPU
		{245A2985-7418-4F4F-8F79-A8B4401358BE}.Release|Any CPU.Build.0 = Release|Any CPU
		{83F33BD3-3BF9-4C16-A6D4-91DAD3C451CD}.Debug|Any CPU.ActiveCfg = Debug|Any CPU
		{83F33BD3-3BF9-4C16-A6D4-91DAD3C451CD}.Debug|Any CPU.Build.0 = Debug|Any CPU
		{83F33BD3-3BF9-4C16-A6D4-91DAD3C451CD}.Release|Any CPU.ActiveCfg = Release|Any CPU
		{83F33BD3-3BF9-4C16-A6D4-91DAD3C451CD}.Release|Any CPU.Build.0 = Release|Any CPU
		{5FA38DD8-3F44-4D9F-8E09-AAA73E03FAE0}.Debug|Any CPU.ActiveCfg = Debug|Any CPU
		{5FA38DD8-3F44-4D9F-8E09-AAA73E03FAE0}.Debug|Any CPU.Build.0 = Debug|Any CPU
		{5FA38DD8-3F44-4D9F-8E09-AAA73E03FAE0}.Release|Any CPU.ActiveCfg = Release|Any CPU
		{5FA38DD8-3F44-4D9F-8E09-AAA73E03FAE0}.Release|Any CPU.Build.0 = Release|Any CPU
		{6D7F4B32-56EF-4894-AC37-7EB558E8C963}.Debug|Any CPU.ActiveCfg = Debug|Any CPU
		{6D7F4B32-56EF-4894-AC37-7EB558E8C963}.Debug|Any CPU.Build.0 = Debug|Any CPU
		{6D7F4B32-56EF-4894-AC37-7EB558E8C963}.Release|Any CPU.ActiveCfg = Release|Any CPU
		{6D7F4B32-56EF-4894-AC37-7EB558E8C963}.Release|Any CPU.Build.0 = Release|Any CPU
	EndGlobalSection
	GlobalSection(SolutionProperties) = preSolution
		HideSolutionNode = FALSE
	EndGlobalSection
	GlobalSection(ExtensibilityGlobals) = postSolution
		SolutionGuid = {CF8BA84A-FF2D-4918-AA5C-65364D19F747}
	EndGlobalSection
EndGlobal
